
Microsoft Visual Studio Solution File, Format Version 12.00
# Visual Studio Version 17
VisualStudioVersion = 17.12.35527.113
MinimumVisualStudioVersion = 10.0.40219.1
Project("{FAE04EC0-301F-11D3-BF4B-00C04F79EFBC}") = "Assignment1", "Assignment1\Assignment1.csproj", "{1F02B8CC-3F4B-4FFE-A81A-F4A0EC0AA78B}"
EndProject
Project("{FAE04EC0-301F-11D3-BF4B-00C04F79EFBC}") = "Assignment2", "Assignment2\Assignment2.csproj", "{AD02B75E-C4AC-428E-BEC4-9234CB2C0080}"
EndProject
Project("{FAE04EC0-301F-11D3-BF4B-00C04F79EFBC}") = "Assignment3", "Assignment3\Assignment3.csproj", "{59C6912D-BAAB-49EE-9D6B-BEE393BB10B3}"
EndProject
Project("{FAE04EC0-301F-11D3-BF4B-00C04F79EFBC}") = "Assignment4", "Assignment4\Assignment4.csproj", "{90E077EA-39E1-4479-A173-39272A38CCF9}"
EndProject
Project("{FAE04EC0-301F-11D3-BF4B-00C04F79EFBC}") = "Assignment5", "Assignment5\Assignment5.csproj", "{803B56AC-42F5-4719-A07B-C078ED5BA477}"
EndProject
Project("{FAE04EC0-301F-11D3-BF4B-00C04F79EFBC}") = "Assignment6", "Assignment6\Assignment6.csproj", "{0AE86932-09E5-4C2C-A6A5-846B55E1FAB8}"
EndProject
Global
	GlobalSection(SolutionConfigurationPlatforms) = preSolution
		Debug|Any CPU = Debug|Any CPU
		Release|Any CPU = Release|Any CPU
	EndGlobalSection
	GlobalSection(ProjectConfigurationPlatforms) = postSolution
		{1F02B8CC-3F4B-4FFE-A81A-F4A0EC0AA78B}.Debug|Any CPU.ActiveCfg = Debug|Any CPU
		{1F02B8CC-3F4B-4FFE-A81A-F4A0EC0AA78B}.Debug|Any CPU.Build.0 = Debug|Any CPU
		{1F02B8CC-3F4B-4FFE-A81A-F4A0EC0AA78B}.Release|Any CPU.ActiveCfg = Release|Any CPU
		{1F02B8CC-3F4B-4FFE-A81A-F4A0EC0AA78B}.Release|Any CPU.Build.0 = Release|Any CPU
		{AD02B75E-C4AC-428E-BEC4-9234CB2C0080}.Debug|Any CPU.ActiveCfg = Debug|Any CPU
		{AD02B75E-C4AC-428E-BEC4-9234CB2C0080}.Debug|Any CPU.Build.0 = Debug|Any CPU
		{AD02B75E-C4AC-428E-BEC4-9234CB2C0080}.Release|Any CPU.ActiveCfg = Release|Any CPU
		{AD02B75E-C4AC-428E-BEC4-9234CB2C0080}.Release|Any CPU.Build.0 = Release|Any CPU
		{59C6912D-BAAB-49EE-9D6B-BEE393BB10B3}.Debug|Any CPU.ActiveCfg = Debug|Any CPU
		{59C6912D-BAAB-49EE-9D6B-BEE393BB10B3}.Debug|Any CPU.Build.0 = Debug|Any CPU
		{59C6912D-BAAB-49EE-9D6B-BEE393BB10B3}.Release|Any CPU.ActiveCfg = Release|Any CPU
		{59C6912D-BAAB-49EE-9D6B-BEE393BB10B3}.Release|Any CPU.Build.0 = Release|Any CPU
		{90E077EA-39E1-4479-A173-39272A38CCF9}.Debug|Any CPU.ActiveCfg = Debug|Any CPU
		{90E077EA-39E1-4479-A173-39272A38CCF9}.Debug|Any CPU.Build.0 = Debug|Any CPU
		{90E077EA-39E1-4479-A173-39272A38CCF9}.Release|Any CPU.ActiveCfg = Release|Any CPU
		{90E077EA-39E1-4479-A173-39272A38CCF9}.Release|Any CPU.Build.0 = Release|Any CPU
		{803B56AC-42F5-4719-A07B-C078ED5BA477}.Debug|Any CPU.ActiveCfg = Debug|Any CPU
		{803B56AC-42F5-4719-A07B-C078ED5BA477}.Debug|Any CPU.Build.0 = Debug|Any CPU
		{803B56AC-42F5-4719-A07B-C078ED5BA477}.Release|Any CPU.ActiveCfg = Release|Any CPU
		{803B56AC-42F5-4719-A07B-C078ED5BA477}.Release|Any CPU.Build.0 = Release|Any CPU
		{0AE86932-09E5-4C2C-A6A5-846B55E1FAB8}.Debug|Any CPU.ActiveCfg = Debug|Any CPU
		{0AE86932-09E5-4C2C-A6A5-846B55E1FAB8}.Debug|Any CPU.Build.0 = Debug|Any CPU
		{0AE86932-09E5-4C2C-A6A5-846B55E1FAB8}.Release|Any CPU.ActiveCfg = Release|Any CPU
		{0AE86932-09E5-4C2C-A6A5-846B55E1FAB8}.Release|Any CPU.Build.0 = Release|Any CPU
	EndGlobalSection
	GlobalSection(SolutionProperties) = preSolution
		HideSolutionNode = FALSE
	EndGlobalSection
EndGlobal
